<?xml version="1.0" encoding="utf-8"?>
<Project ToolsVersion="14.0" xmlns="http://schemas.microsoft.com/developer/msbuild/2003">
  <ItemGroup>
    <Filter Include="Resource Files">
      <UniqueIdentifier>{67DA6AB6-F800-4c08-8B7A-83BB121AAD01}</UniqueIdentifier>
      <Extensions>rc;ico;cur;bmp;dlg;rc2;rct;bin;rgs;gif;jpg;jpeg;jpe;resx;tga;tiff;tif;png;wav;mfcribbon-ms</Extensions>
    </Filter>
    <Filter Include="Resource Files\en-us">
      <UniqueIdentifier>{e3612b44-636f-480d-b6e3-e66a155376d5}</UniqueIdentifier>
    </Filter>
  </ItemGroup>
  <ItemGroup>
    <ClCompile Include="ActionCollection.cpp" />
    <ClCompile Include="BehaviorCollection.cpp" />
    <ClCompile Include="Interaction.cpp" />
    <ClCompile Include="pch.cpp" />
    <ClCompile Include="VisualStateUtilities.cpp" />
    <ClCompile Include="Microsoft.Xaml.Interactivity.cpp" />
  </ItemGroup>
  <ItemGroup>
    <ClInclude Include="targetver.h" />
    <ClInclude Include="ActionCollection.h" />
    <ClInclude Include="BehaviorCollection.h" />
    <ClInclude Include="IAction.h" />
    <ClInclude Include="IBehavior.h" />
    <ClInclude Include="Interaction.h" />
    <ClInclude Include="pch.h" />
    <ClInclude Include="ResourceHelper.h" />
    <ClInclude Include="VisualStateUtilities.h" />
    <ClInclude Include="Microsoft.Xaml.Interactivity.h" />
    <ClInclude Include="resource.h" />
  </ItemGroup>
  <ItemGroup>
    <PRIResource Include="Resources\de-DE\Strings.resw" />
    <PRIResource Include="Resources\en-US\Strings.resw" />
    <PRIResource Include="Resources\pt-BR\Strings.resw" />
    <PRIResource Include="Resources\es-ES\Strings.resw" />
    <PRIResource Include="Resources\fr-FR\Strings.resw" />
    <PRIResource Include="Resources\it-IT\Strings.resw" />
    <PRIResource Include="Resources\ja-JP\Strings.resw" />
    <PRIResource Include="Resources\ko-KR\Strings.resw" />
    <PRIResource Include="Resources\ru-RU\Strings.resw" />
    <PRIResource Include="Resources\zh-CN\Strings.resw" />
    <PRIResource Include="Resources\zh-TW\Strings.resw" />
  </ItemGroup>
  <ItemGroup>
    <XliffResource Include="MultilingualResources\Microsoft.Xaml.Interactivity.pt-BR.xlf" />
    <XliffResource Include="MultilingualResources\Microsoft.Xaml.Interactivity.de-DE.xlf" />
    <XliffResource Include="MultilingualResources\Microsoft.Xaml.Interactivity.es-ES.xlf" />
    <XliffResource Include="MultilingualResources\Microsoft.Xaml.Interactivity.fr-FR.xlf" />
    <XliffResource Include="MultilingualResources\Microsoft.Xaml.Interactivity.it-IT.xlf" />
    <XliffResource Include="MultilingualResources\Microsoft.Xaml.Interactivity.ja-JP.xlf" />
    <XliffResource Include="MultilingualResources\Microsoft.Xaml.Interactivity.ko-KR.xlf" />
    <XliffResource Include="MultilingualResources\Microsoft.Xaml.Interactivity.ru-RU.xlf" />
    <XliffResource Include="MultilingualResources\Microsoft.Xaml.Interactivity.zh-CN.xlf" />
    <XliffResource Include="MultilingualResources\Microsoft.Xaml.Interactivity.zh-TW.xlf" />
  </ItemGroup>
  <ItemGroup>
    <ResourceCompile Include="Microsoft.Xaml.Interactivity.Version.rc">
      <Filter>Resource Files</Filter>
    </ResourceCompile>
  </ItemGroup>
</Project>