
Microsoft Visual Studio Solution File, Format Version 12.00
# Visual Studio Version 16
VisualStudioVersion = 16.0.28705.295
MinimumVisualStudioVersion = 10.0.40219.1
Project("{FAE04EC0-301F-11D3-BF4B-00C04F79EFBC}") = "XAMLBehaviorsSample", "XAMLBehaviorsSample\XAMLBehaviorsSample.csproj", "{050C4B73-9A9F-469B-9FA7-FB481894391F}"
EndProject
Project("{9A19103F-16F7-4668-BE54-9A1E7A4F7556}") = "Microsoft.Xaml.Interactions", "..\..\src\BehaviorsSDKManaged\Microsoft.Xaml.Interactions\Microsoft.Xaml.Interactions.csproj", "{A338A7F2-9010-477B-8A6E-6C2B2495C33C}"
EndProject
Project("{9A19103F-16F7-4668-BE54-9A1E7A4F7556}") = "Microsoft.Xaml.Interactivity", "..\..\src\BehaviorsSDKManaged\Microsoft.Xaml.Interactivity\Microsoft.Xaml.Interactivity.csproj", "{7FFC1385-C3E1-487C-9A81-DE48DD63ECB9}"
EndProject
Project("{D954291E-2A0B-460D-934E-DC6B0785DB48}") = "XAMLBehaviorsSample.Shared", "XAMLBehaviorsSample.Shared\XAMLBehaviorsSample.Shared.shproj", "{E1728140-C649-4880-993E-7D6A0B2F4D88}"
EndProject
Project("{FAE04EC0-301F-11D3-BF4B-00C04F79EFBC}") = "XamlBehaviorsSample.iOS", "XamlBehaviorsSample.iOS\XamlBehaviorsSample.iOS.csproj", "{39986530-814F-4087-8D29-E2388DFF6F4C}"
EndProject
Project("{9A19103F-16F7-4668-BE54-9A1E7A4F7556}") = "XamlBehaviorsSample.Wasm", "XamlBehaviorsSample.Wasm\XamlBehaviorsSample.Wasm.csproj", "{6FB1ADA8-462D-40FF-AEDD-AFC3EC4A4C91}"
EndProject
Project("{FAE04EC0-301F-11D3-BF4B-00C04F79EFBC}") = "XamlBehaviorsSample.Droid", "XamlBehaviorsSample.Droid\XamlBehaviorsSample.Droid.csproj", "{5576D7ED-79D7-4962-A246-D122FC229A94}"
EndProject
Global
	GlobalSection(SharedMSBuildProjectFiles) = preSolution
		XAMLBehaviorsSample.Shared\XAMLBehaviorsSample.Shared.projitems*{050c4b73-9a9f-469b-9fa7-fb481894391f}*SharedItemsImports = 4
		XAMLBehaviorsSample.Shared\XAMLBehaviorsSample.Shared.projitems*{39986530-814f-4087-8d29-e2388dff6f4c}*SharedItemsImports = 4
		XAMLBehaviorsSample.Shared\XAMLBehaviorsSample.Shared.projitems*{5576d7ed-79d7-4962-a246-d122fc229a94}*SharedItemsImports = 4
		XAMLBehaviorsSample.Shared\XAMLBehaviorsSample.Shared.projitems*{6fb1ada8-462d-40ff-aedd-afc3ec4a4c91}*SharedItemsImports = 5
		XAMLBehaviorsSample.Shared\XAMLBehaviorsSample.Shared.projitems*{e1728140-c649-4880-993e-7d6a0b2f4d88}*SharedItemsImports = 13
	EndGlobalSection
	GlobalSection(SolutionConfigurationPlatforms) = preSolution
		Ad-Hoc|Any CPU = Ad-Hoc|Any CPU
		Ad-Hoc|ARM = Ad-Hoc|ARM
		Ad-Hoc|iPhone = Ad-Hoc|iPhone
		Ad-Hoc|iPhoneSimulator = Ad-Hoc|iPhoneSimulator
		Ad-Hoc|x64 = Ad-Hoc|x64
		Ad-Hoc|x86 = Ad-Hoc|x86
		AppStore|Any CPU = AppStore|Any CPU
		AppStore|ARM = AppStore|ARM
		AppStore|iPhone = AppStore|iPhone
		AppStore|iPhoneSimulator = AppStore|iPhoneSimulator
		AppStore|x64 = AppStore|x64
		AppStore|x86 = AppStore|x86
		Debug|Any CPU = Debug|Any CPU
		Debug|ARM = Debug|ARM
		Debug|iPhone = Debug|iPhone
		Debug|iPhoneSimulator = Debug|iPhoneSimulator
		Debug|x64 = Debug|x64
		Debug|x86 = Debug|x86
		Release|Any CPU = Release|Any CPU
		Release|ARM = Release|ARM
		Release|iPhone = Release|iPhone
		Release|iPhoneSimulator = Release|iPhoneSimulator
		Release|x64 = Release|x64
		Release|x86 = Release|x86
	EndGlobalSection
	GlobalSection(ProjectConfigurationPlatforms) = postSolution
		{050C4B73-9A9F-469B-9FA7-FB481894391F}.Ad-Hoc|Any CPU.ActiveCfg = Debug|x64
		{050C4B73-9A9F-469B-9FA7-FB481894391F}.Ad-Hoc|Any CPU.Build.0 = Debug|x64
		{050C4B73-9A9F-469B-9FA7-FB481894391F}.Ad-Hoc|Any CPU.Deploy.0 = Debug|x64
		{050C4B73-9A9F-469B-9FA7-FB481894391F}.Ad-Hoc|ARM.ActiveCfg = Release|ARM
		{050C4B73-9A9F-469B-9FA7-FB481894391F}.Ad-Hoc|ARM.Build.0 = Release|ARM
		{050C4B73-9A9F-469B-9FA7-FB481894391F}.Ad-Hoc|ARM.Deploy.0 = Release|ARM
		{050C4B73-9A9F-469B-9FA7-FB481894391F}.Ad-Hoc|iPhone.ActiveCfg = Release|x86
		{050C4B73-9A9F-469B-9FA7-FB481894391F}.Ad-Hoc|iPhone.Build.0 = Release|x86
		{050C4B73-9A9F-469B-9FA7-FB481894391F}.Ad-Hoc|iPhone.Deploy.0 = Release|x86
		{050C4B73-9A9F-469B-9FA7-FB481894391F}.Ad-Hoc|iPhoneSimulator.ActiveCfg = Release|x86
		{050C4B73-9A9F-469B-9FA7-FB481894391F}.Ad-Hoc|iPhoneSimulator.Build.0 = Release|x86
		{050C4B73-9A9F-469B-9FA7-FB481894391F}.Ad-Hoc|iPhoneSimulator.Deploy.0 = Release|x86
		{050C4B73-9A9F-469B-9FA7-FB481894391F}.Ad-Hoc|x64.ActiveCfg = Release|x64
		{050C4B73-9A9F-469B-9FA7-FB481894391F}.Ad-Hoc|x64.Build.0 = Release|x64
		{050C4B73-9A9F-469B-9FA7-FB481894391F}.Ad-Hoc|x64.Deploy.0 = Release|x64
		{050C4B73-9A9F-469B-9FA7-FB481894391F}.Ad-Hoc|x86.ActiveCfg = Release|x86
		{050C4B73-9A9F-469B-9FA7-FB481894391F}.Ad-Hoc|x86.Build.0 = Release|x86
		{050C4B73-9A9F-469B-9FA7-FB481894391F}.Ad-Hoc|x86.Deploy.0 = Release|x86
		{050C4B73-9A9F-469B-9FA7-FB481894391F}.AppStore|Any CPU.ActiveCfg = Debug|x64
		{050C4B73-9A9F-469B-9FA7-FB481894391F}.AppStore|Any CPU.Build.0 = Debug|x64
		{050C4B73-9A9F-469B-9FA7-FB481894391F}.AppStore|Any CPU.Deploy.0 = Debug|x64
		{050C4B73-9A9F-469B-9FA7-FB481894391F}.AppStore|ARM.ActiveCfg = Release|ARM
		{050C4B73-9A9F-469B-9FA7-FB481894391F}.AppStore|ARM.Build.0 = Release|ARM
		{050C4B73-9A9F-469B-9FA7-FB481894391F}.AppStore|ARM.Deploy.0 = Release|ARM
		{050C4B73-9A9F-469B-9FA7-FB481894391F}.AppStore|iPhone.ActiveCfg = Release|x86
		{050C4B73-9A9F-469B-9FA7-FB481894391F}.AppStore|iPhone.Build.0 = Release|x86
		{050C4B73-9A9F-469B-9FA7-FB481894391F}.AppStore|iPhone.Deploy.0 = Release|x86
		{050C4B73-9A9F-469B-9FA7-FB481894391F}.AppStore|iPhoneSimulator.ActiveCfg = Release|x86
		{050C4B73-9A9F-469B-9FA7-FB481894391F}.AppStore|iPhoneSimulator.Build.0 = Release|x86
		{050C4B73-9A9F-469B-9FA7-FB481894391F}.AppStore|iPhoneSimulator.Deploy.0 = Release|x86
		{050C4B73-9A9F-469B-9FA7-FB481894391F}.AppStore|x64.ActiveCfg = Release|x64
		{050C4B73-9A9F-469B-9FA7-FB481894391F}.AppStore|x64.Build.0 = Release|x64
		{050C4B73-9A9F-469B-9FA7-FB481894391F}.AppStore|x64.Deploy.0 = Release|x64
		{050C4B73-9A9F-469B-9FA7-FB481894391F}.AppStore|x86.ActiveCfg = Release|x86
		{050C4B73-9A9F-469B-9FA7-FB481894391F}.AppStore|x86.Build.0 = Release|x86
		{050C4B73-9A9F-469B-9FA7-FB481894391F}.AppStore|x86.Deploy.0 = Release|x86
		{050C4B73-9A9F-469B-9FA7-FB481894391F}.Debug|Any CPU.ActiveCfg = Debug|x86
		{050C4B73-9A9F-469B-9FA7-FB481894391F}.Debug|ARM.ActiveCfg = Debug|ARM
		{050C4B73-9A9F-469B-9FA7-FB481894391F}.Debug|ARM.Build.0 = Debug|ARM
		{050C4B73-9A9F-469B-9FA7-FB481894391F}.Debug|ARM.Deploy.0 = Debug|ARM
		{050C4B73-9A9F-469B-9FA7-FB481894391F}.Debug|iPhone.ActiveCfg = Debug|x86
		{050C4B73-9A9F-469B-9FA7-FB481894391F}.Debug|iPhoneSimulator.ActiveCfg = Debug|x86
		{050C4B73-9A9F-469B-9FA7-FB481894391F}.Debug|x64.ActiveCfg = Debug|x64
		{050C4B73-9A9F-469B-9FA7-FB481894391F}.Debug|x64.Build.0 = Debug|x64
		{050C4B73-9A9F-469B-9FA7-FB481894391F}.Debug|x64.Deploy.0 = Debug|x64
		{050C4B73-9A9F-469B-9FA7-FB481894391F}.Debug|x86.ActiveCfg = Debug|x86
		{050C4B73-9A9F-469B-9FA7-FB481894391F}.Debug|x86.Build.0 = Debug|x86
		{050C4B73-9A9F-469B-9FA7-FB481894391F}.Debug|x86.Deploy.0 = Debug|x86
		{050C4B73-9A9F-469B-9FA7-FB481894391F}.Release|Any CPU.ActiveCfg = Release|x86
		{050C4B73-9A9F-469B-9FA7-FB481894391F}.Release|ARM.ActiveCfg = Release|ARM
		{050C4B73-9A9F-469B-9FA7-FB481894391F}.Release|ARM.Build.0 = Release|ARM
		{050C4B73-9A9F-469B-9FA7-FB481894391F}.Release|ARM.Deploy.0 = Release|ARM
		{050C4B73-9A9F-469B-9FA7-FB481894391F}.Release|iPhone.ActiveCfg = Release|x86
		{050C4B73-9A9F-469B-9FA7-FB481894391F}.Release|iPhoneSimulator.ActiveCfg = Release|x86
		{050C4B73-9A9F-469B-9FA7-FB481894391F}.Release|x64.ActiveCfg = Release|x64
		{050C4B73-9A9F-469B-9FA7-FB481894391F}.Release|x64.Build.0 = Release|x64
		{050C4B73-9A9F-469B-9FA7-FB481894391F}.Release|x64.Deploy.0 = Release|x64
		{050C4B73-9A9F-469B-9FA7-FB481894391F}.Release|x86.ActiveCfg = Release|x86
		{050C4B73-9A9F-469B-9FA7-FB481894391F}.Release|x86.Build.0 = Release|x86
		{050C4B73-9A9F-469B-9FA7-FB481894391F}.Release|x86.Deploy.0 = Release|x86
		{A338A7F2-9010-477B-8A6E-6C2B2495C33C}.Ad-Hoc|Any CPU.ActiveCfg = Debug|Any CPU
		{A338A7F2-9010-477B-8A6E-6C2B2495C33C}.Ad-Hoc|Any CPU.Build.0 = Debug|Any CPU
		{A338A7F2-9010-477B-8A6E-6C2B2495C33C}.Ad-Hoc|ARM.ActiveCfg = Debug|Any CPU
		{A338A7F2-9010-477B-8A6E-6C2B2495C33C}.Ad-Hoc|ARM.Build.0 = Debug|Any CPU
		{A338A7F2-9010-477B-8A6E-6C2B2495C33C}.Ad-Hoc|iPhone.ActiveCfg = Debug|Any CPU
		{A338A7F2-9010-477B-8A6E-6C2B2495C33C}.Ad-Hoc|iPhone.Build.0 = Debug|Any CPU
		{A338A7F2-9010-477B-8A6E-6C2B2495C33C}.Ad-Hoc|iPhoneSimulator.ActiveCfg = Debug|Any CPU
		{A338A7F2-9010-477B-8A6E-6C2B2495C33C}.Ad-Hoc|iPhoneSimulator.Build.0 = Debug|Any CPU
		{A338A7F2-9010-477B-8A6E-6C2B2495C33C}.Ad-Hoc|x64.ActiveCfg = Debug|Any CPU
		{A338A7F2-9010-477B-8A6E-6C2B2495C33C}.Ad-Hoc|x64.Build.0 = Debug|Any CPU
		{A338A7F2-9010-477B-8A6E-6C2B2495C33C}.Ad-Hoc|x86.ActiveCfg = Debug|Any CPU
		{A338A7F2-9010-477B-8A6E-6C2B2495C33C}.Ad-Hoc|x86.Build.0 = Debug|Any CPU
		{A338A7F2-9010-477B-8A6E-6C2B2495C33C}.AppStore|Any CPU.ActiveCfg = Debug|Any CPU
		{A338A7F2-9010-477B-8A6E-6C2B2495C33C}.AppStore|Any CPU.Build.0 = Debug|Any CPU
		{A338A7F2-9010-477B-8A6E-6C2B2495C33C}.AppStore|ARM.ActiveCfg = Debug|Any CPU
		{A338A7F2-9010-477B-8A6E-6C2B2495C33C}.AppStore|ARM.Build.0 = Debug|Any CPU
		{A338A7F2-9010-477B-8A6E-6C2B2495C33C}.AppStore|iPhone.ActiveCfg = Debug|Any CPU
		{A338A7F2-9010-477B-8A6E-6C2B2495C33C}.AppStore|iPhone.Build.0 = Debug|Any CPU
		{A338A7F2-9010-477B-8A6E-6C2B2495C33C}.AppStore|iPhoneSimulator.ActiveCfg = Debug|Any CPU
		{A338A7F2-9010-477B-8A6E-6C2B2495C33C}.AppStore|iPhoneSimulator.Build.0 = Debug|Any CPU
		{A338A7F2-9010-477B-8A6E-6C2B2495C33C}.AppStore|x64.ActiveCfg = Debug|Any CPU
		{A338A7F2-9010-477B-8A6E-6C2B2495C33C}.AppStore|x64.Build.0 = Debug|Any CPU
		{A338A7F2-9010-477B-8A6E-6C2B2495C33C}.AppStore|x86.ActiveCfg = Debug|Any CPU
		{A338A7F2-9010-477B-8A6E-6C2B2495C33C}.AppStore|x86.Build.0 = Debug|Any CPU
		{A338A7F2-9010-477B-8A6E-6C2B2495C33C}.Debug|Any CPU.ActiveCfg = Debug|Any CPU
		{A338A7F2-9010-477B-8A6E-6C2B2495C33C}.Debug|Any CPU.Build.0 = Debug|Any CPU
		{A338A7F2-9010-477B-8A6E-6C2B2495C33C}.Debug|ARM.ActiveCfg = Debug|Any CPU
		{A338A7F2-9010-477B-8A6E-6C2B2495C33C}.Debug|ARM.Build.0 = Debug|Any CPU
		{A338A7F2-9010-477B-8A6E-6C2B2495C33C}.Debug|iPhone.ActiveCfg = Debug|Any CPU
		{A338A7F2-9010-477B-8A6E-6C2B2495C33C}.Debug|iPhone.Build.0 = Debug|Any CPU
		{A338A7F2-9010-477B-8A6E-6C2B2495C33C}.Debug|iPhoneSimulator.ActiveCfg = Debug|Any CPU
		{A338A7F2-9010-477B-8A6E-6C2B2495C33C}.Debug|iPhoneSimulator.Build.0 = Debug|Any CPU
		{A338A7F2-9010-477B-8A6E-6C2B2495C33C}.Debug|x64.ActiveCfg = Debug|Any CPU
		{A338A7F2-9010-477B-8A6E-6C2B2495C33C}.Debug|x64.Build.0 = Debug|Any CPU
		{A338A7F2-9010-477B-8A6E-6C2B2495C33C}.Debug|x86.ActiveCfg = Debug|Any CPU
		{A338A7F2-9010-477B-8A6E-6C2B2495C33C}.Debug|x86.Build.0 = Debug|Any CPU
		{A338A7F2-9010-477B-8A6E-6C2B2495C33C}.Release|Any CPU.ActiveCfg = Release|Any CPU
		{A338A7F2-9010-477B-8A6E-6C2B2495C33C}.Release|Any CPU.Build.0 = Release|Any CPU
		{A338A7F2-9010-477B-8A6E-6C2B2495C33C}.Release|ARM.ActiveCfg = Release|Any CPU
		{A338A7F2-9010-477B-8A6E-6C2B2495C33C}.Release|ARM.Build.0 = Release|Any CPU
		{A338A7F2-9010-477B-8A6E-6C2B2495C33C}.Release|iPhone.ActiveCfg = Release|Any CPU
		{A338A7F2-9010-477B-8A6E-6C2B2495C33C}.Release|iPhone.Build.0 = Release|Any CPU
		{A338A7F2-9010-477B-8A6E-6C2B2495C33C}.Release|iPhoneSimulator.ActiveCfg = Release|Any CPU
		{A338A7F2-9010-477B-8A6E-6C2B2495C33C}.Release|iPhoneSimulator.Build.0 = Release|Any CPU
		{A338A7F2-9010-477B-8A6E-6C2B2495C33C}.Release|x64.ActiveCfg = Release|Any CPU
		{A338A7F2-9010-477B-8A6E-6C2B2495C33C}.Release|x64.Build.0 = Release|Any CPU
		{A338A7F2-9010-477B-8A6E-6C2B2495C33C}.Release|x86.ActiveCfg = Release|Any CPU
		{A338A7F2-9010-477B-8A6E-6C2B2495C33C}.Release|x86.Build.0 = Release|Any CPU
		{7FFC1385-C3E1-487C-9A81-DE48DD63ECB9}.Ad-Hoc|Any CPU.ActiveCfg = Debug|Any CPU
		{7FFC1385-C3E1-487C-9A81-DE48DD63ECB9}.Ad-Hoc|Any CPU.Build.0 = Debug|Any CPU
		{7FFC1385-C3E1-487C-9A81-DE48DD63ECB9}.Ad-Hoc|ARM.ActiveCfg = Debug|Any CPU
		{7FFC1385-C3E1-487C-9A81-DE48DD63ECB9}.Ad-Hoc|ARM.Build.0 = Debug|Any CPU
		{7FFC1385-C3E1-487C-9A81-DE48DD63ECB9}.Ad-Hoc|iPhone.ActiveCfg = Debug|Any CPU
		{7FFC1385-C3E1-487C-9A81-DE48DD63ECB9}.Ad-Hoc|iPhone.Build.0 = Debug|Any CPU
		{7FFC1385-C3E1-487C-9A81-DE48DD63ECB9}.Ad-Hoc|iPhoneSimulator.ActiveCfg = Debug|Any CPU
		{7FFC1385-C3E1-487C-9A81-DE48DD63ECB9}.Ad-Hoc|iPhoneSimulator.Build.0 = Debug|Any CPU
		{7FFC1385-C3E1-487C-9A81-DE48DD63ECB9}.Ad-Hoc|x64.ActiveCfg = Debug|Any CPU
		{7FFC1385-C3E1-487C-9A81-DE48DD63ECB9}.Ad-Hoc|x64.Build.0 = Debug|Any CPU
		{7FFC1385-C3E1-487C-9A81-DE48DD63ECB9}.Ad-Hoc|x86.ActiveCfg = Debug|Any CPU
		{7FFC1385-C3E1-487C-9A81-DE48DD63ECB9}.Ad-Hoc|x86.Build.0 = Debug|Any CPU
		{7FFC1385-C3E1-487C-9A81-DE48DD63ECB9}.AppStore|Any CPU.ActiveCfg = Debug|Any CPU
		{7FFC1385-C3E1-487C-9A81-DE48DD63ECB9}.AppStore|Any CPU.Build.0 = Debug|Any CPU
		{7FFC1385-C3E1-487C-9A81-DE48DD63ECB9}.AppStore|ARM.ActiveCfg = Debug|Any CPU
		{7FFC1385-C3E1-487C-9A81-DE48DD63ECB9}.AppStore|ARM.Build.0 = Debug|Any CPU
		{7FFC1385-C3E1-487C-9A81-DE48DD63ECB9}.AppStore|iPhone.ActiveCfg = Debug|Any CPU
		{7FFC1385-C3E1-487C-9A81-DE48DD63ECB9}.AppStore|iPhone.Build.0 = Debug|Any CPU
		{7FFC1385-C3E1-487C-9A81-DE48DD63ECB9}.AppStore|iPhoneSimulator.ActiveCfg = Debug|Any CPU
		{7FFC1385-C3E1-487C-9A81-DE48DD63ECB9}.AppStore|iPhoneSimulator.Build.0 = Debug|Any CPU
		{7FFC1385-C3E1-487C-9A81-DE48DD63ECB9}.AppStore|x64.ActiveCfg = Debug|Any CPU
		{7FFC1385-C3E1-487C-9A81-DE48DD63ECB9}.AppStore|x64.Build.0 = Debug|Any CPU
		{7FFC1385-C3E1-487C-9A81-DE48DD63ECB9}.AppStore|x86.ActiveCfg = Debug|Any CPU
		{7FFC1385-C3E1-487C-9A81-DE48DD63ECB9}.AppStore|x86.Build.0 = Debug|Any CPU
		{7FFC1385-C3E1-487C-9A81-DE48DD63ECB9}.Debug|Any CPU.ActiveCfg = Debug|Any CPU
		{7FFC1385-C3E1-487C-9A81-DE48DD63ECB9}.Debug|Any CPU.Build.0 = Debug|Any CPU
		{7FFC1385-C3E1-487C-9A81-DE48DD63ECB9}.Debug|ARM.ActiveCfg = Debug|Any CPU
		{7FFC1385-C3E1-487C-9A81-DE48DD63ECB9}.Debug|ARM.Build.0 = Debug|Any CPU
		{7FFC1385-C3E1-487C-9A81-DE48DD63ECB9}.Debug|iPhone.ActiveCfg = Debug|Any CPU
		{7FFC1385-C3E1-487C-9A81-DE48DD63ECB9}.Debug|iPhone.Build.0 = Debug|Any CPU
		{7FFC1385-C3E1-487C-9A81-DE48DD63ECB9}.Debug|iPhoneSimulator.ActiveCfg = Debug|Any CPU
		{7FFC1385-C3E1-487C-9A81-DE48DD63ECB9}.Debug|iPhoneSimulator.Build.0 = Debug|Any CPU
		{7FFC1385-C3E1-487C-9A81-DE48DD63ECB9}.Debug|x64.ActiveCfg = Debug|Any CPU
		{7FFC1385-C3E1-487C-9A81-DE48DD63ECB9}.Debug|x64.Build.0 = Debug|Any CPU
		{7FFC1385-C3E1-487C-9A81-DE48DD63ECB9}.Debug|x86.ActiveCfg = Debug|Any CPU
		{7FFC1385-C3E1-487C-9A81-DE48DD63ECB9}.Debug|x86.Build.0 = Debug|Any CPU
		{7FFC1385-C3E1-487C-9A81-DE48DD63ECB9}.Release|Any CPU.ActiveCfg = Release|Any CPU
		{7FFC1385-C3E1-487C-9A81-DE48DD63ECB9}.Release|Any CPU.Build.0 = Release|Any CPU
		{7FFC1385-C3E1-487C-9A81-DE48DD63ECB9}.Release|ARM.ActiveCfg = Release|Any CPU
		{7FFC1385-C3E1-487C-9A81-DE48DD63ECB9}.Release|ARM.Build.0 = Release|Any CPU
		{7FFC1385-C3E1-487C-9A81-DE48DD63ECB9}.Release|iPhone.ActiveCfg = Release|Any CPU
		{7FFC1385-C3E1-487C-9A81-DE48DD63ECB9}.Release|iPhone.Build.0 = Release|Any CPU
		{7FFC1385-C3E1-487C-9A81-DE48DD63ECB9}.Release|iPhoneSimulator.ActiveCfg = Release|Any CPU
		{7FFC1385-C3E1-487C-9A81-DE48DD63ECB9}.Release|iPhoneSimulator.Build.0 = Release|Any CPU
		{7FFC1385-C3E1-487C-9A81-DE48DD63ECB9}.Release|x64.ActiveCfg = Release|Any CPU
		{7FFC1385-C3E1-487C-9A81-DE48DD63ECB9}.Release|x64.Build.0 = Release|Any CPU
		{7FFC1385-C3E1-487C-9A81-DE48DD63ECB9}.Release|x86.ActiveCfg = Release|Any CPU
		{7FFC1385-C3E1-487C-9A81-DE48DD63ECB9}.Release|x86.Build.0 = Release|Any CPU
		{39986530-814F-4087-8D29-E2388DFF6F4C}.Ad-Hoc|Any CPU.ActiveCfg = Ad-Hoc|iPhoneSimulator
		{39986530-814F-4087-8D29-E2388DFF6F4C}.Ad-Hoc|ARM.ActiveCfg = Ad-Hoc|iPhone
		{39986530-814F-4087-8D29-E2388DFF6F4C}.Ad-Hoc|iPhone.ActiveCfg = Ad-Hoc|iPhone
		{39986530-814F-4087-8D29-E2388DFF6F4C}.Ad-Hoc|iPhone.Build.0 = Ad-Hoc|iPhone
		{39986530-814F-4087-8D29-E2388DFF6F4C}.Ad-Hoc|iPhoneSimulator.ActiveCfg = Ad-Hoc|iPhoneSimulator
		{39986530-814F-4087-8D29-E2388DFF6F4C}.Ad-Hoc|iPhoneSimulator.Build.0 = Ad-Hoc|iPhoneSimulator
		{39986530-814F-4087-8D29-E2388DFF6F4C}.Ad-Hoc|x64.ActiveCfg = Ad-Hoc|iPhone
		{39986530-814F-4087-8D29-E2388DFF6F4C}.Ad-Hoc|x86.ActiveCfg = Ad-Hoc|iPhone
		{39986530-814F-4087-8D29-E2388DFF6F4C}.AppStore|Any CPU.ActiveCfg = AppStore|iPhoneSimulator
		{39986530-814F-4087-8D29-E2388DFF6F4C}.AppStore|ARM.ActiveCfg = AppStore|iPhone
		{39986530-814F-4087-8D29-E2388DFF6F4C}.AppStore|iPhone.ActiveCfg = AppStore|iPhone
		{39986530-814F-4087-8D29-E2388DFF6F4C}.AppStore|iPhone.Build.0 = AppStore|iPhone
		{39986530-814F-4087-8D29-E2388DFF6F4C}.AppStore|iPhoneSimulator.ActiveCfg = AppStore|iPhoneSimulator
		{39986530-814F-4087-8D29-E2388DFF6F4C}.AppStore|iPhoneSimulator.Build.0 = AppStore|iPhoneSimulator
		{39986530-814F-4087-8D29-E2388DFF6F4C}.AppStore|x64.ActiveCfg = AppStore|iPhone
		{39986530-814F-4087-8D29-E2388DFF6F4C}.AppStore|x86.ActiveCfg = AppStore|iPhone
		{39986530-814F-4087-8D29-E2388DFF6F4C}.Debug|Any CPU.ActiveCfg = Debug|iPhoneSimulator
		{39986530-814F-4087-8D29-E2388DFF6F4C}.Debug|ARM.ActiveCfg = Debug|iPhone
		{39986530-814F-4087-8D29-E2388DFF6F4C}.Debug|iPhone.ActiveCfg = Debug|iPhone
		{39986530-814F-4087-8D29-E2388DFF6F4C}.Debug|iPhone.Build.0 = Debug|iPhone
		{39986530-814F-4087-8D29-E2388DFF6F4C}.Debug|iPhoneSimulator.ActiveCfg = Debug|iPhoneSimulator
		{39986530-814F-4087-8D29-E2388DFF6F4C}.Debug|iPhoneSimulator.Build.0 = Debug|iPhoneSimulator
		{39986530-814F-4087-8D29-E2388DFF6F4C}.Debug|x64.ActiveCfg = Debug|iPhone
		{39986530-814F-4087-8D29-E2388DFF6F4C}.Debug|x86.ActiveCfg = Debug|iPhone
		{39986530-814F-4087-8D29-E2388DFF6F4C}.Release|Any CPU.ActiveCfg = Release|iPhoneSimulator
		{39986530-814F-4087-8D29-E2388DFF6F4C}.Release|ARM.ActiveCfg = Release|iPhone
		{39986530-814F-4087-8D29-E2388DFF6F4C}.Release|iPhone.ActiveCfg = Release|iPhone
		{39986530-814F-4087-8D29-E2388DFF6F4C}.Release|iPhone.Build.0 = Release|iPhone
		{39986530-814F-4087-8D29-E2388DFF6F4C}.Release|iPhoneSimulator.ActiveCfg = Release|iPhoneSimulator
		{39986530-814F-4087-8D29-E2388DFF6F4C}.Release|iPhoneSimulator.Build.0 = Release|iPhoneSimulator
		{39986530-814F-4087-8D29-E2388DFF6F4C}.Release|x64.ActiveCfg = Release|iPhone
		{39986530-814F-4087-8D29-E2388DFF6F4C}.Release|x86.ActiveCfg = Release|iPhone
		{6FB1ADA8-462D-40FF-AEDD-AFC3EC4A4C91}.Ad-Hoc|Any CPU.ActiveCfg = Debug|Any CPU
		{6FB1ADA8-462D-40FF-AEDD-AFC3EC4A4C91}.Ad-Hoc|Any CPU.Build.0 = Debug|Any CPU
		{6FB1ADA8-462D-40FF-AEDD-AFC3EC4A4C91}.Ad-Hoc|ARM.ActiveCfg = Debug|Any CPU
		{6FB1ADA8-462D-40FF-AEDD-AFC3EC4A4C91}.Ad-Hoc|ARM.Build.0 = Debug|Any CPU
		{6FB1ADA8-462D-40FF-AEDD-AFC3EC4A4C91}.Ad-Hoc|iPhone.ActiveCfg = Debug|Any CPU
		{6FB1ADA8-462D-40FF-AEDD-AFC3EC4A4C91}.Ad-Hoc|iPhone.Build.0 = Debug|Any CPU
		{6FB1ADA8-462D-40FF-AEDD-AFC3EC4A4C91}.Ad-Hoc|iPhoneSimulator.ActiveCfg = Debug|Any CPU
		{6FB1ADA8-462D-40FF-AEDD-AFC3EC4A4C91}.Ad-Hoc|iPhoneSimulator.Build.0 = Debug|Any CPU
		{6FB1ADA8-462D-40FF-AEDD-AFC3EC4A4C91}.Ad-Hoc|x64.ActiveCfg = Debug|Any CPU
		{6FB1ADA8-462D-40FF-AEDD-AFC3EC4A4C91}.Ad-Hoc|x64.Build.0 = Debug|Any CPU
		{6FB1ADA8-462D-40FF-AEDD-AFC3EC4A4C91}.Ad-Hoc|x86.ActiveCfg = Debug|Any CPU
		{6FB1ADA8-462D-40FF-AEDD-AFC3EC4A4C91}.Ad-Hoc|x86.Build.0 = Debug|Any CPU
		{6FB1ADA8-462D-40FF-AEDD-AFC3EC4A4C91}.AppStore|Any CPU.ActiveCfg = Debug|Any CPU
		{6FB1ADA8-462D-40FF-AEDD-AFC3EC4A4C91}.AppStore|Any CPU.Build.0 = Debug|Any CPU
		{6FB1ADA8-462D-40FF-AEDD-AFC3EC4A4C91}.AppStore|ARM.ActiveCfg = Debug|Any CPU
		{6FB1ADA8-462D-40FF-AEDD-AFC3EC4A4C91}.AppStore|ARM.Build.0 = Debug|Any CPU
		{6FB1ADA8-462D-40FF-AEDD-AFC3EC4A4C91}.AppStore|iPhone.ActiveCfg = Debug|Any CPU
		{6FB1ADA8-462D-40FF-AEDD-AFC3EC4A4C91}.AppStore|iPhone.Build.0 = Debug|Any CPU
		{6FB1ADA8-462D-40FF-AEDD-AFC3EC4A4C91}.AppStore|iPhoneSimulator.ActiveCfg = Debug|Any CPU
		{6FB1ADA8-462D-40FF-AEDD-AFC3EC4A4C91}.AppStore|iPhoneSimulator.Build.0 = Debug|Any CPU
		{6FB1ADA8-462D-40FF-AEDD-AFC3EC4A4C91}.AppStore|x64.ActiveCfg = Debug|Any CPU
		{6FB1ADA8-462D-40FF-AEDD-AFC3EC4A4C91}.AppStore|x64.Build.0 = Debug|Any CPU
		{6FB1ADA8-462D-40FF-AEDD-AFC3EC4A4C91}.AppStore|x86.ActiveCfg = Debug|Any CPU
		{6FB1ADA8-462D-40FF-AEDD-AFC3EC4A4C91}.AppStore|x86.Build.0 = Debug|Any CPU
		{6FB1ADA8-462D-40FF-AEDD-AFC3EC4A4C91}.Debug|Any CPU.ActiveCfg = Debug|Any CPU
		{6FB1ADA8-462D-40FF-AEDD-AFC3EC4A4C91}.Debug|Any CPU.Build.0 = Debug|Any CPU
		{6FB1ADA8-462D-40FF-AEDD-AFC3EC4A4C91}.Debug|ARM.ActiveCfg = Debug|Any CPU
		{6FB1ADA8-462D-40FF-AEDD-AFC3EC4A4C91}.Debug|ARM.Build.0 = Debug|Any CPU
		{6FB1ADA8-462D-40FF-AEDD-AFC3EC4A4C91}.Debug|iPhone.ActiveCfg = Debug|Any CPU
		{6FB1ADA8-462D-40FF-AEDD-AFC3EC4A4C91}.Debug|iPhone.Build.0 = Debug|Any CPU
		{6FB1ADA8-462D-40FF-AEDD-AFC3EC4A4C91}.Debug|iPhoneSimulator.ActiveCfg = Debug|Any CPU
		{6FB1ADA8-462D-40FF-AEDD-AFC3EC4A4C91}.Debug|iPhoneSimulator.Build.0 = Debug|Any CPU
		{6FB1ADA8-462D-40FF-AEDD-AFC3EC4A4C91}.Debug|x64.ActiveCfg = Debug|Any CPU
		{6FB1ADA8-462D-40FF-AEDD-AFC3EC4A4C91}.Debug|x64.Build.0 = Debug|Any CPU
		{6FB1ADA8-462D-40FF-AEDD-AFC3EC4A4C91}.Debug|x86.ActiveCfg = Debug|Any CPU
		{6FB1ADA8-462D-40FF-AEDD-AFC3EC4A4C91}.Debug|x86.Build.0 = Debug|Any CPU
		{6FB1ADA8-462D-40FF-AEDD-AFC3EC4A4C91}.Release|Any CPU.ActiveCfg = Release|Any CPU
		{6FB1ADA8-462D-40FF-AEDD-AFC3EC4A4C91}.Release|Any CPU.Build.0 = Release|Any CPU
		{6FB1ADA8-462D-40FF-AEDD-AFC3EC4A4C91}.Release|ARM.ActiveCfg = Release|Any CPU
		{6FB1ADA8-462D-40FF-AEDD-AFC3EC4A4C91}.Release|ARM.Build.0 = Release|Any CPU
		{6FB1ADA8-462D-40FF-AEDD-AFC3EC4A4C91}.Release|iPhone.ActiveCfg = Release|Any CPU
		{6FB1ADA8-462D-40FF-AEDD-AFC3EC4A4C91}.Release|iPhone.Build.0 = Release|Any CPU
		{6FB1ADA8-462D-40FF-AEDD-AFC3EC4A4C91}.Release|iPhoneSimulator.ActiveCfg = Release|Any CPU
		{6FB1ADA8-462D-40FF-AEDD-AFC3EC4A4C91}.Release|iPhoneSimulator.Build.0 = Release|Any CPU
		{6FB1ADA8-462D-40FF-AEDD-AFC3EC4A4C91}.Release|x64.ActiveCfg = Release|Any CPU
		{6FB1ADA8-462D-40FF-AEDD-AFC3EC4A4C91}.Release|x64.Build.0 = Release|Any CPU
		{6FB1ADA8-462D-40FF-AEDD-AFC3EC4A4C91}.Release|x86.ActiveCfg = Release|Any CPU
		{6FB1ADA8-462D-40FF-AEDD-AFC3EC4A4C91}.Release|x86.Build.0 = Release|Any CPU
		{5576D7ED-79D7-4962-A246-D122FC229A94}.Ad-Hoc|Any CPU.ActiveCfg = Release|Any CPU
		{5576D7ED-79D7-4962-A246-D122FC229A94}.Ad-Hoc|Any CPU.Build.0 = Release|Any CPU
		{5576D7ED-79D7-4962-A246-D122FC229A94}.Ad-Hoc|Any CPU.Deploy.0 = Release|Any CPU
		{5576D7ED-79D7-4962-A246-D122FC229A94}.Ad-Hoc|ARM.ActiveCfg = Release|Any CPU
		{5576D7ED-79D7-4962-A246-D122FC229A94}.Ad-Hoc|ARM.Build.0 = Release|Any CPU
		{5576D7ED-79D7-4962-A246-D122FC229A94}.Ad-Hoc|ARM.Deploy.0 = Release|Any CPU
		{5576D7ED-79D7-4962-A246-D122FC229A94}.Ad-Hoc|iPhone.ActiveCfg = Release|Any CPU
		{5576D7ED-79D7-4962-A246-D122FC229A94}.Ad-Hoc|iPhone.Build.0 = Release|Any CPU
		{5576D7ED-79D7-4962-A246-D122FC229A94}.Ad-Hoc|iPhone.Deploy.0 = Release|Any CPU
		{5576D7ED-79D7-4962-A246-D122FC229A94}.Ad-Hoc|iPhoneSimulator.ActiveCfg = Release|Any CPU
		{5576D7ED-79D7-4962-A246-D122FC229A94}.Ad-Hoc|iPhoneSimulator.Build.0 = Release|Any CPU
		{5576D7ED-79D7-4962-A246-D122FC229A94}.Ad-Hoc|iPhoneSimulator.Deploy.0 = Release|Any CPU
		{5576D7ED-79D7-4962-A246-D122FC229A94}.Ad-Hoc|x64.ActiveCfg = Release|Any CPU
		{5576D7ED-79D7-4962-A246-D122FC229A94}.Ad-Hoc|x64.Build.0 = Release|Any CPU
		{5576D7ED-79D7-4962-A246-D122FC229A94}.Ad-Hoc|x64.Deploy.0 = Release|Any CPU
		{5576D7ED-79D7-4962-A246-D122FC229A94}.Ad-Hoc|x86.ActiveCfg = Release|Any CPU
		{5576D7ED-79D7-4962-A246-D122FC229A94}.Ad-Hoc|x86.Build.0 = Release|Any CPU
		{5576D7ED-79D7-4962-A246-D122FC229A94}.Ad-Hoc|x86.Deploy.0 = Release|Any CPU
		{5576D7ED-79D7-4962-A246-D122FC229A94}.AppStore|Any CPU.ActiveCfg = Release|Any CPU
		{5576D7ED-79D7-4962-A246-D122FC229A94}.AppStore|Any CPU.Build.0 = Release|Any CPU
		{5576D7ED-79D7-4962-A246-D122FC229A94}.AppStore|Any CPU.Deploy.0 = Release|Any CPU
		{5576D7ED-79D7-4962-A246-D122FC229A94}.AppStore|ARM.ActiveCfg = Release|Any CPU
		{5576D7ED-79D7-4962-A246-D122FC229A94}.AppStore|ARM.Build.0 = Release|Any CPU
		{5576D7ED-79D7-4962-A246-D122FC229A94}.AppStore|ARM.Deploy.0 = Release|Any CPU
		{5576D7ED-79D7-4962-A246-D122FC229A94}.AppStore|iPhone.ActiveCfg = Release|Any CPU
		{5576D7ED-79D7-4962-A246-D122FC229A94}.AppStore|iPhone.Build.0 = Release|Any CPU
		{5576D7ED-79D7-4962-A246-D122FC229A94}.AppStore|iPhone.Deploy.0 = Release|Any CPU
		{5576D7ED-79D7-4962-A246-D122FC229A94}.AppStore|iPhoneSimulator.ActiveCfg = Release|Any CPU
		{5576D7ED-79D7-4962-A246-D122FC229A94}.AppStore|iPhoneSimulator.Build.0 = Release|Any CPU
		{5576D7ED-79D7-4962-A246-D122FC229A94}.AppStore|iPhoneSimulator.Deploy.0 = Release|Any CPU
		{5576D7ED-79D7-4962-A246-D122FC229A94}.AppStore|x64.ActiveCfg = Release|Any CPU
		{5576D7ED-79D7-4962-A246-D122FC229A94}.AppStore|x64.Build.0 = Release|Any CPU
		{5576D7ED-79D7-4962-A246-D122FC229A94}.AppStore|x64.Deploy.0 = Release|Any CPU
		{5576D7ED-79D7-4962-A246-D122FC229A94}.AppStore|x86.ActiveCfg = Release|Any CPU
		{5576D7ED-79D7-4962-A246-D122FC229A94}.AppStore|x86.Build.0 = Release|Any CPU
		{5576D7ED-79D7-4962-A246-D122FC229A94}.AppStore|x86.Deploy.0 = Release|Any CPU
		{5576D7ED-79D7-4962-A246-D122FC229A94}.Debug|Any CPU.ActiveCfg = Debug|Any CPU
		{5576D7ED-79D7-4962-A246-D122FC229A94}.Debug|Any CPU.Build.0 = Debug|Any CPU
		{5576D7ED-79D7-4962-A246-D122FC229A94}.Debug|Any CPU.Deploy.0 = Debug|Any CPU
		{5576D7ED-79D7-4962-A246-D122FC229A94}.Debug|ARM.ActiveCfg = Debug|Any CPU
		{5576D7ED-79D7-4962-A246-D122FC229A94}.Debug|ARM.Build.0 = Debug|Any CPU
		{5576D7ED-79D7-4962-A246-D122FC229A94}.Debug|ARM.Deploy.0 = Debug|Any CPU
		{5576D7ED-79D7-4962-A246-D122FC229A94}.Debug|iPhone.ActiveCfg = Debug|Any CPU
		{5576D7ED-79D7-4962-A246-D122FC229A94}.Debug|iPhone.Build.0 = Debug|Any CPU
		{5576D7ED-79D7-4962-A246-D122FC229A94}.Debug|iPhone.Deploy.0 = Debug|Any CPU
		{5576D7ED-79D7-4962-A246-D122FC229A94}.Debug|iPhoneSimulator.ActiveCfg = Debug|Any CPU
		{5576D7ED-79D7-4962-A246-D122FC229A94}.Debug|iPhoneSimulator.Build.0 = Debug|Any CPU
		{5576D7ED-79D7-4962-A246-D122FC229A94}.Debug|iPhoneSimulator.Deploy.0 = Debug|Any CPU
		{5576D7ED-79D7-4962-A246-D122FC229A94}.Debug|x64.ActiveCfg = Debug|Any CPU
		{5576D7ED-79D7-4962-A246-D122FC229A94}.Debug|x64.Build.0 = Debug|Any CPU
		{5576D7ED-79D7-4962-A246-D122FC229A94}.Debug|x64.Deploy.0 = Debug|Any CPU
		{5576D7ED-79D7-4962-A246-D122FC229A94}.Debug|x86.ActiveCfg = Debug|Any CPU
		{5576D7ED-79D7-4962-A246-D122FC229A94}.Debug|x86.Build.0 = Debug|Any CPU
		{5576D7ED-79D7-4962-A246-D122FC229A94}.Debug|x86.Deploy.0 = Debug|Any CPU
		{5576D7ED-79D7-4962-A246-D122FC229A94}.Release|Any CPU.ActiveCfg = Release|Any CPU
		{5576D7ED-79D7-4962-A246-D122FC229A94}.Release|Any CPU.Build.0 = Release|Any CPU
		{5576D7ED-79D7-4962-A246-D122FC229A94}.Release|Any CPU.Deploy.0 = Release|Any CPU
		{5576D7ED-79D7-4962-A246-D122FC229A94}.Release|ARM.ActiveCfg = Release|Any CPU
		{5576D7ED-79D7-4962-A246-D122FC229A94}.Release|ARM.Build.0 = Release|Any CPU
		{5576D7ED-79D7-4962-A246-D122FC229A94}.Release|ARM.Deploy.0 = Release|Any CPU
		{5576D7ED-79D7-4962-A246-D122FC229A94}.Release|iPhone.ActiveCfg = Release|Any CPU
		{5576D7ED-79D7-4962-A246-D122FC229A94}.Release|iPhone.Build.0 = Release|Any CPU
		{5576D7ED-79D7-4962-A246-D122FC229A94}.Release|iPhone.Deploy.0 = Release|Any CPU
		{5576D7ED-79D7-4962-A246-D122FC229A94}.Release|iPhoneSimulator.ActiveCfg = Release|Any CPU
		{5576D7ED-79D7-4962-A246-D122FC229A94}.Release|iPhoneSimulator.Build.0 = Release|Any CPU
		{5576D7ED-79D7-4962-A246-D122FC229A94}.Release|iPhoneSimulator.Deploy.0 = Release|Any CPU
		{5576D7ED-79D7-4962-A246-D122FC229A94}.Release|x64.ActiveCfg = Release|Any CPU
		{5576D7ED-79D7-4962-A246-D122FC229A94}.Release|x64.Build.0 = Release|Any CPU
		{5576D7ED-79D7-4962-A246-D122FC229A94}.Release|x64.Deploy.0 = Release|Any CPU
		{5576D7ED-79D7-4962-A246-D122FC229A94}.Release|x86.ActiveCfg = Release|Any CPU
		{5576D7ED-79D7-4962-A246-D122FC229A94}.Release|x86.Build.0 = Release|Any CPU
		{5576D7ED-79D7-4962-A246-D122FC229A94}.Release|x86.Deploy.0 = Release|Any CPU
	EndGlobalSection
	GlobalSection(SolutionProperties) = preSolution
		HideSolutionNode = FALSE
	EndGlobalSection
	GlobalSection(ExtensibilityGlobals) = postSolution
		SolutionGuid = {BAEA616E-866E-41F8-B6B8-ED0114DDB811}
	EndGlobalSection
EndGlobal
