
Microsoft Visual Studio Solution File, Format Version 12.00
# Visual Studio Version 16
VisualStudioVersion = 16.0.29806.167
MinimumVisualStudioVersion = 10.0.40219.1
Project("{FAE04EC0-301F-11D3-BF4B-00C04F79EFBC}") = "Microsoft.Xaml.Interactivity", "Microsoft.Xaml.Interactivity\Microsoft.Xaml.Interactivity.csproj", "{7FFC1385-C3E1-487C-9A81-DE48DD63ECB9}"
EndProject
Project("{FAE04EC0-301F-11D3-BF4B-00C04F79EFBC}") = "Microsoft.Xaml.Interactions", "Microsoft.Xaml.Interactions\Microsoft.Xaml.Interactions.csproj", "{A338A7F2-9010-477B-8A6E-6C2B2495C33C}"
EndProject
Project("{FAE04EC0-301F-11D3-BF4B-00C04F79EFBC}") = "Microsoft.Xaml.Interactivity.Design", "Microsoft.Xaml.Interactivity.Design\Microsoft.Xaml.Interactivity.Design.csproj", "{76BF4E75-B1E7-4BFA-AE67-BAF6800DAC78}"
	ProjectSection(ProjectDependencies) = postProject
		{7FFC1385-C3E1-487C-9A81-DE48DD63ECB9} = {7FFC1385-C3E1-487C-9A81-DE48DD63ECB9}
	EndProjectSection
EndProject
Project("{FAE04EC0-301F-11D3-BF4B-00C04F79EFBC}") = "Microsoft.Xaml.Interactions.Design", "Microsoft.Xaml.Interactions.Design\Microsoft.Xaml.Interactions.Design.csproj", "{A3161818-5AA8-4A7C-A6CD-B19EDA5F3AE1}"
	ProjectSection(ProjectDependencies) = postProject
		{A338A7F2-9010-477B-8A6E-6C2B2495C33C} = {A338A7F2-9010-477B-8A6E-6C2B2495C33C}
	EndProjectSection
EndProject
Project("{FAE04EC0-301F-11D3-BF4B-00C04F79EFBC}") = "ManagedUnitTests", "ManagedUnitTests\ManagedUnitTests.csproj", "{9A26166B-1E98-4723-9B42-FB64BDC231E6}"
EndProject
Project("{2150E333-8FDC-42A3-9474-1A3956D46DE8}") = "Solution Items", "Solution Items", "{2B3854DD-E11F-4758-A892-E27E9AAD92C6}"
	ProjectSection(SolutionItems) = preProject
		.editorconfig = .editorconfig
		..\..\key\35MSSharedLib1024.snk = ..\..\key\35MSSharedLib1024.snk
		..\..\scripts\download-nuget.cmd = ..\..\scripts\download-nuget.cmd
		..\..\scripts\Microsoft.Xaml.Behaviors.Signing.targets = ..\..\scripts\Microsoft.Xaml.Behaviors.Signing.targets
		..\..\scripts\Microsoft.Xaml.Behaviors.Uwp.Managed.nuspec = ..\..\scripts\Microsoft.Xaml.Behaviors.Uwp.Managed.nuspec
		..\..\scripts\Microsoft.Xaml.Behaviors.Uwp.Native.nuspec = ..\..\scripts\Microsoft.Xaml.Behaviors.Uwp.Native.nuspec
		..\..\scripts\Microsoft.Xaml.Behaviors.Uwp.Native.targets = ..\..\scripts\Microsoft.Xaml.Behaviors.Uwp.Native.targets
		Version\NuGetPackageVersion.props = Version\NuGetPackageVersion.props
	EndProjectSection
EndProject
Project("{FAE04EC0-301F-11D3-BF4B-00C04F79EFBC}") = "Microsoft.Xaml.Interactions.DesignTools", "Microsoft.Xaml.Interactions.DesignTools\Microsoft.Xaml.Interactions.DesignTools.csproj", "{B6F7C183-33A0-4942-B680-97BEA6011890}"
EndProject
Project("{FAE04EC0-301F-11D3-BF4B-00C04F79EFBC}") = "Microsoft.Xaml.Interactivity.DesignTools", "Microsoft.Xaml.Interactivity.DesignTools\Microsoft.Xaml.Interactivity.DesignTools.csproj", "{0EA6E46C-C612-45E3-A4E0-A0F0D699606B}"
EndProject
Global
	GlobalSection(SolutionConfigurationPlatforms) = preSolution
		Debug|Any CPU = Debug|Any CPU
		Debug|ARM = Debug|ARM
		Debug|x64 = Debug|x64
		Debug|x86 = Debug|x86
		Release|Any CPU = Release|Any CPU
		Release|ARM = Release|ARM
		Release|x64 = Release|x64
		Release|x86 = Release|x86
	EndGlobalSection
	GlobalSection(ProjectConfigurationPlatforms) = postSolution
		{7FFC1385-C3E1-487C-9A81-DE48DD63ECB9}.Debug|Any CPU.ActiveCfg = Debug|Any CPU
		{7FFC1385-C3E1-487C-9A81-DE48DD63ECB9}.Debug|Any CPU.Build.0 = Debug|Any CPU
		{7FFC1385-C3E1-487C-9A81-DE48DD63ECB9}.Debug|ARM.ActiveCfg = Debug|ARM
		{7FFC1385-C3E1-487C-9A81-DE48DD63ECB9}.Debug|ARM.Build.0 = Debug|ARM
		{7FFC1385-C3E1-487C-9A81-DE48DD63ECB9}.Debug|x64.ActiveCfg = Debug|x64
		{7FFC1385-C3E1-487C-9A81-DE48DD63ECB9}.Debug|x64.Build.0 = Debug|x64
		{7FFC1385-C3E1-487C-9A81-DE48DD63ECB9}.Debug|x86.ActiveCfg = Debug|x86
		{7FFC1385-C3E1-487C-9A81-DE48DD63ECB9}.Debug|x86.Build.0 = Debug|x86
		{7FFC1385-C3E1-487C-9A81-DE48DD63ECB9}.Release|Any CPU.ActiveCfg = Release|Any CPU
		{7FFC1385-C3E1-487C-9A81-DE48DD63ECB9}.Release|Any CPU.Build.0 = Release|Any CPU
		{7FFC1385-C3E1-487C-9A81-DE48DD63ECB9}.Release|ARM.ActiveCfg = Release|ARM
		{7FFC1385-C3E1-487C-9A81-DE48DD63ECB9}.Release|ARM.Build.0 = Release|ARM
		{7FFC1385-C3E1-487C-9A81-DE48DD63ECB9}.Release|x64.ActiveCfg = Release|x64
		{7FFC1385-C3E1-487C-9A81-DE48DD63ECB9}.Release|x64.Build.0 = Release|x64
		{7FFC1385-C3E1-487C-9A81-DE48DD63ECB9}.Release|x86.ActiveCfg = Release|x86
		{7FFC1385-C3E1-487C-9A81-DE48DD63ECB9}.Release|x86.Build.0 = Release|x86
		{A338A7F2-9010-477B-8A6E-6C2B2495C33C}.Debug|Any CPU.ActiveCfg = Debug|Any CPU
		{A338A7F2-9010-477B-8A6E-6C2B2495C33C}.Debug|Any CPU.Build.0 = Debug|Any CPU
		{A338A7F2-9010-477B-8A6E-6C2B2495C33C}.Debug|ARM.ActiveCfg = Debug|ARM
		{A338A7F2-9010-477B-8A6E-6C2B2495C33C}.Debug|ARM.Build.0 = Debug|ARM
		{A338A7F2-9010-477B-8A6E-6C2B2495C33C}.Debug|x64.ActiveCfg = Debug|x64
		{A338A7F2-9010-477B-8A6E-6C2B2495C33C}.Debug|x64.Build.0 = Debug|x64
		{A338A7F2-9010-477B-8A6E-6C2B2495C33C}.Debug|x86.ActiveCfg = Debug|x86
		{A338A7F2-9010-477B-8A6E-6C2B2495C33C}.Debug|x86.Build.0 = Debug|x86
		{A338A7F2-9010-477B-8A6E-6C2B2495C33C}.Release|Any CPU.ActiveCfg = Release|Any CPU
		{A338A7F2-9010-477B-8A6E-6C2B2495C33C}.Release|Any CPU.Build.0 = Release|Any CPU
		{A338A7F2-9010-477B-8A6E-6C2B2495C33C}.Release|ARM.ActiveCfg = Release|ARM
		{A338A7F2-9010-477B-8A6E-6C2B2495C33C}.Release|ARM.Build.0 = Release|ARM
		{A338A7F2-9010-477B-8A6E-6C2B2495C33C}.Release|x64.ActiveCfg = Release|x64
		{A338A7F2-9010-477B-8A6E-6C2B2495C33C}.Release|x64.Build.0 = Release|x64
		{A338A7F2-9010-477B-8A6E-6C2B2495C33C}.Release|x86.ActiveCfg = Release|x86
		{A338A7F2-9010-477B-8A6E-6C2B2495C33C}.Release|x86.Build.0 = Release|x86
		{76BF4E75-B1E7-4BFA-AE67-BAF6800DAC78}.Debug|Any CPU.ActiveCfg = Debug|Any CPU
		{76BF4E75-B1E7-4BFA-AE67-BAF6800DAC78}.Debug|Any CPU.Build.0 = Debug|Any CPU
		{76BF4E75-B1E7-4BFA-AE67-BAF6800DAC78}.Debug|ARM.ActiveCfg = Debug|Any CPU
		{76BF4E75-B1E7-4BFA-AE67-BAF6800DAC78}.Debug|x64.ActiveCfg = Debug|Any CPU
		{76BF4E75-B1E7-4BFA-AE67-BAF6800DAC78}.Debug|x86.ActiveCfg = Debug|x86
		{76BF4E75-B1E7-4BFA-AE67-BAF6800DAC78}.Debug|x86.Build.0 = Debug|x86
		{76BF4E75-B1E7-4BFA-AE67-BAF6800DAC78}.Release|Any CPU.ActiveCfg = Release|Any CPU
		{76BF4E75-B1E7-4BFA-AE67-BAF6800DAC78}.Release|Any CPU.Build.0 = Release|Any CPU
		{76BF4E75-B1E7-4BFA-AE67-BAF6800DAC78}.Release|ARM.ActiveCfg = Release|Any CPU
		{76BF4E75-B1E7-4BFA-AE67-BAF6800DAC78}.Release|x64.ActiveCfg = Release|Any CPU
		{76BF4E75-B1E7-4BFA-AE67-BAF6800DAC78}.Release|x86.ActiveCfg = Release|Any CPU
		{76BF4E75-B1E7-4BFA-AE67-BAF6800DAC78}.Release|x86.Build.0 = Release|Any CPU
		{A3161818-5AA8-4A7C-A6CD-B19EDA5F3AE1}.Debug|Any CPU.ActiveCfg = Debug|Any CPU
		{A3161818-5AA8-4A7C-A6CD-B19EDA5F3AE1}.Debug|Any CPU.Build.0 = Debug|Any CPU
		{A3161818-5AA8-4A7C-A6CD-B19EDA5F3AE1}.Debug|ARM.ActiveCfg = Debug|Any CPU
		{A3161818-5AA8-4A7C-A6CD-B19EDA5F3AE1}.Debug|x64.ActiveCfg = Debug|Any CPU
		{A3161818-5AA8-4A7C-A6CD-B19EDA5F3AE1}.Debug|x86.ActiveCfg = Debug|x86
		{A3161818-5AA8-4A7C-A6CD-B19EDA5F3AE1}.Debug|x86.Build.0 = Debug|x86
		{A3161818-5AA8-4A7C-A6CD-B19EDA5F3AE1}.Release|Any CPU.ActiveCfg = Release|Any CPU
		{A3161818-5AA8-4A7C-A6CD-B19EDA5F3AE1}.Release|Any CPU.Build.0 = Release|Any CPU
		{A3161818-5AA8-4A7C-A6CD-B19EDA5F3AE1}.Release|ARM.ActiveCfg = Release|Any CPU
		{A3161818-5AA8-4A7C-A6CD-B19EDA5F3AE1}.Release|x64.ActiveCfg = Release|Any CPU
		{A3161818-5AA8-4A7C-A6CD-B19EDA5F3AE1}.Release|x86.ActiveCfg = Release|Any CPU
		{A3161818-5AA8-4A7C-A6CD-B19EDA5F3AE1}.Release|x86.Build.0 = Release|Any CPU
		{9A26166B-1E98-4723-9B42-FB64BDC231E6}.Debug|Any CPU.ActiveCfg = Debug|x86
		{9A26166B-1E98-4723-9B42-FB64BDC231E6}.Debug|Any CPU.Build.0 = Debug|x86
		{9A26166B-1E98-4723-9B42-FB64BDC231E6}.Debug|Any CPU.Deploy.0 = Debug|x86
		{9A26166B-1E98-4723-9B42-FB64BDC231E6}.Debug|ARM.ActiveCfg = Debug|ARM
		{9A26166B-1E98-4723-9B42-FB64BDC231E6}.Debug|ARM.Build.0 = Debug|ARM
		{9A26166B-1E98-4723-9B42-FB64BDC231E6}.Debug|ARM.Deploy.0 = Debug|ARM
		{9A26166B-1E98-4723-9B42-FB64BDC231E6}.Debug|x64.ActiveCfg = Debug|x64
		{9A26166B-1E98-4723-9B42-FB64BDC231E6}.Debug|x64.Build.0 = Debug|x64
		{9A26166B-1E98-4723-9B42-FB64BDC231E6}.Debug|x64.Deploy.0 = Debug|x64
		{9A26166B-1E98-4723-9B42-FB64BDC231E6}.Debug|x86.ActiveCfg = Debug|x86
		{9A26166B-1E98-4723-9B42-FB64BDC231E6}.Debug|x86.Build.0 = Debug|x86
		{9A26166B-1E98-4723-9B42-FB64BDC231E6}.Debug|x86.Deploy.0 = Debug|x86
		{9A26166B-1E98-4723-9B42-FB64BDC231E6}.Release|Any CPU.ActiveCfg = Release|x86
		{9A26166B-1E98-4723-9B42-FB64BDC231E6}.Release|ARM.ActiveCfg = Release|ARM
		{9A26166B-1E98-4723-9B42-FB64BDC231E6}.Release|ARM.Build.0 = Release|ARM
		{9A26166B-1E98-4723-9B42-FB64BDC231E6}.Release|ARM.Deploy.0 = Release|ARM
		{9A26166B-1E98-4723-9B42-FB64BDC231E6}.Release|x64.ActiveCfg = Release|x64
		{9A26166B-1E98-4723-9B42-FB64BDC231E6}.Release|x64.Build.0 = Release|x64
		{9A26166B-1E98-4723-9B42-FB64BDC231E6}.Release|x64.Deploy.0 = Release|x64
		{9A26166B-1E98-4723-9B42-FB64BDC231E6}.Release|x86.ActiveCfg = Release|x86
		{9A26166B-1E98-4723-9B42-FB64BDC231E6}.Release|x86.Build.0 = Release|x86
		{9A26166B-1E98-4723-9B42-FB64BDC231E6}.Release|x86.Deploy.0 = Release|x86
		{B6F7C183-33A0-4942-B680-97BEA6011890}.Debug|Any CPU.ActiveCfg = Debug|Any CPU
		{B6F7C183-33A0-4942-B680-97BEA6011890}.Debug|Any CPU.Build.0 = Debug|Any CPU
		{B6F7C183-33A0-4942-B680-97BEA6011890}.Debug|ARM.ActiveCfg = Debug|Any CPU
		{B6F7C183-33A0-4942-B680-97BEA6011890}.Debug|ARM.Build.0 = Debug|Any CPU
		{B6F7C183-33A0-4942-B680-97BEA6011890}.Debug|x64.ActiveCfg = Debug|Any CPU
		{B6F7C183-33A0-4942-B680-97BEA6011890}.Debug|x64.Build.0 = Debug|Any CPU
		{B6F7C183-33A0-4942-B680-97BEA6011890}.Debug|x86.ActiveCfg = Debug|Any CPU
		{B6F7C183-33A0-4942-B680-97BEA6011890}.Debug|x86.Build.0 = Debug|Any CPU
		{B6F7C183-33A0-4942-B680-97BEA6011890}.Release|Any CPU.ActiveCfg = Release|Any CPU
		{B6F7C183-33A0-4942-B680-97BEA6011890}.Release|Any CPU.Build.0 = Release|Any CPU
		{B6F7C183-33A0-4942-B680-97BEA6011890}.Release|ARM.ActiveCfg = Release|Any CPU
		{B6F7C183-33A0-4942-B680-97BEA6011890}.Release|ARM.Build.0 = Release|Any CPU
		{B6F7C183-33A0-4942-B680-97BEA6011890}.Release|x64.ActiveCfg = Release|Any CPU
		{B6F7C183-33A0-4942-B680-97BEA6011890}.Release|x64.Build.0 = Release|Any CPU
		{B6F7C183-33A0-4942-B680-97BEA6011890}.Release|x86.ActiveCfg = Release|Any CPU
		{B6F7C183-33A0-4942-B680-97BEA6011890}.Release|x86.Build.0 = Release|Any CPU
		{0EA6E46C-C612-45E3-A4E0-A0F0D699606B}.Debug|Any CPU.ActiveCfg = Debug|Any CPU
		{0EA6E46C-C612-45E3-A4E0-A0F0D699606B}.Debug|Any CPU.Build.0 = Debug|Any CPU
		{0EA6E46C-C612-45E3-A4E0-A0F0D699606B}.Debug|ARM.ActiveCfg = Debug|Any CPU
		{0EA6E46C-C612-45E3-A4E0-A0F0D699606B}.Debug|ARM.Build.0 = Debug|Any CPU
		{0EA6E46C-C612-45E3-A4E0-A0F0D699606B}.Debug|x64.ActiveCfg = Debug|Any CPU
		{0EA6E46C-C612-45E3-A4E0-A0F0D699606B}.Debug|x64.Build.0 = Debug|Any CPU
		{0EA6E46C-C612-45E3-A4E0-A0F0D699606B}.Debug|x86.ActiveCfg = Debug|Any CPU
		{0EA6E46C-C612-45E3-A4E0-A0F0D699606B}.Debug|x86.Build.0 = Debug|Any CPU
		{0EA6E46C-C612-45E3-A4E0-A0F0D699606B}.Release|Any CPU.ActiveCfg = Release|Any CPU
		{0EA6E46C-C612-45E3-A4E0-A0F0D699606B}.Release|Any CPU.Build.0 = Release|Any CPU
		{0EA6E46C-C612-45E3-A4E0-A0F0D699606B}.Release|ARM.ActiveCfg = Release|Any CPU
		{0EA6E46C-C612-45E3-A4E0-A0F0D699606B}.Release|ARM.Build.0 = Release|Any CPU
		{0EA6E46C-C612-45E3-A4E0-A0F0D699606B}.Release|x64.ActiveCfg = Release|Any CPU
		{0EA6E46C-C612-45E3-A4E0-A0F0D699606B}.Release|x64.Build.0 = Release|Any CPU
		{0EA6E46C-C612-45E3-A4E0-A0F0D699606B}.Release|x86.ActiveCfg = Release|Any CPU
		{0EA6E46C-C612-45E3-A4E0-A0F0D699606B}.Release|x86.Build.0 = Release|Any CPU
	EndGlobalSection
	GlobalSection(SolutionProperties) = preSolution
		HideSolutionNode = FALSE
	EndGlobalSection
	GlobalSection(ExtensibilityGlobals) = postSolution
		SolutionGuid = {5590EAFF-6ECD-427C-A50A-A9ABFD9CDB2B}
	EndGlobalSection
EndGlobal
